# @generated by Move, please check-in and do not edit manually.

[move]
version = 3
manifest_digest = "D8E0C3B1A8080002CB9E4CD77FAE01843A414F95311E1712F2A3EFA5D06567A4"
deps_digest = "3C4103934B1E040BB6B23F1D610B4EF9F2F1166A50A104EADCF77467C004C600"
dependencies = [
  { id = "Sui", name = "Sui" },
  { id = "Walrus", name = "Walrus" },
]

[[move.package]]
id = "MoveStdlib"
source = { git = "https://github.com/MystenLabs/sui.git", rev = "testnet-v1.40.1", subdir = "crates/sui-framework/packages/move-stdlib" }

[[move.package]]
id = "Sui"
source = { git = "https://github.com/MystenLabs/sui.git", rev = "testnet-v1.40.1", subdir = "crates/sui-framework/packages/sui-framework" }

dependencies = [
  { id = "MoveStdlib", name = "MoveStdlib" },
]

[[move.package]]
id = "WAL"
source = { git = "https://github.com/MystenLabs/walrus-docs.git", rev = "main", subdir = "contracts/wal" }

dependencies = [
  { id = "Sui", name = "Sui" },
]

[[move.package]]
id = "WAL_exchange"
source = { git = "https://github.com/MystenLabs/walrus-docs.git", rev = "main", subdir = "contracts/wal_exchange" }

dependencies = [
  { id = "Sui", name = "Sui" },
  { id = "WAL", name = "WAL" },
]

[[move.package]]
id = "Walrus"
source = { git = "https://github.com/MystenLabs/walrus-docs.git", rev = "main", subdir = "contracts/walrus" }

dependencies = [
  { id = "Sui", name = "Sui" },
  { id = "WAL", name = "WAL" },
  { id = "WAL_exchange", name = "WAL_exchange" },
]

[move.toolchain-version]
compiler-version = "1.42.1"
edition = "2024.beta"
flavor = "sui"

[env]

[env.testnet]
chain-id = "4c78adac"
original-published-id = "0xcbfce756649a643c8117b0289eda4c6353a18907d463104947e71775e26f833f"
latest-published-id = "0xcbfce756649a643c8117b0289eda4c6353a18907d463104947e71775e26f833f"
published-version = "1"
