# @generated by Move, please check-in and do not edit manually.

[move]
version = 2
manifest_digest = "02838D02D5137040EF5A377E99643165867624BFDC26F286A62016E6FFBCAEE1"
deps_digest = "F8BBB0CCB2491CA29A3DF03D6F92277A4F3574266507ACD77214D37ECA3F3082"
dependencies = [
  { name = "Sui" },
]

[[move.package]]
name = "MoveStdlib"
source = { git = "https://github.com/MystenLabs/sui.git", rev = "framework/testnet", subdir = "crates\\sui-framework\\packages\\move-stdlib" }

[[move.package]]
name = "Sui"
source = { git = "https://github.com/MystenLabs/sui.git", rev = "framework/testnet", subdir = "crates/sui-framework/packages/sui-framework" }

dependencies = [
  { name = "MoveStdlib" },
]

[move.toolchain-version]
compiler-version = "1.31.1"
edition = "2024.beta"
flavor = "sui"

[env]

[env.testnet]
chain-id = "4c78adac"
original-published-id = "0x1430a26fd4ea0ab8d24a168617e04d01a27d11f1d211052fbce251872d6aacf4"
latest-published-id = "0x1430a26fd4ea0ab8d24a168617e04d01a27d11f1d211052fbce251872d6aacf4"
published-version = "1"
