# @generated by Move, please check-in and do not edit manually.

[move]
version = 3
manifest_digest = "EA958D884B5EB26729FFDCF84417F4F47BFCEA15DABD48F1FF930AC73FDCC86F"
deps_digest = "F8BBB0CCB2491CA29A3DF03D6F92277A4F3574266507ACD77214D37ECA3F3082"
dependencies = [
  { id = "Sui", name = "Sui" },
]

[[move.package]]
id = "MoveStdlib"
source = { git = "https://github.com/MystenLabs/sui.git", rev = "framework/mainnet", subdir = "crates/sui-framework/packages/move-stdlib" }

[[move.package]]
id = "Sui"
source = { git = "https://github.com/MystenLabs/sui.git", rev = "framework/mainnet", subdir = "crates/sui-framework/packages/sui-framework" }

dependencies = [
  { id = "MoveStdlib", name = "MoveStdlib" },
]

[move.toolchain-version]
compiler-version = "1.41.1"
edition = "2024.beta"
flavor = "sui"

[env]

[env.testnet]
chain-id = "4c78adac"
original-published-id = "0x470a5e5d23f179411a643596eb7279ac4462a4030c9dc457b3e57803b1db4417"
latest-published-id = "0x470a5e5d23f179411a643596eb7279ac4462a4030c9dc457b3e57803b1db4417"
published-version = "1"
