# @generated by Move, please check-in and do not edit manually.

[move]
version = 3
manifest_digest = "597D513192352BA47F9B72CD8DE5ED9EAF88CCD6425B87F839E940A382E1431A"
deps_digest = "F8BBB0CCB2491CA29A3DF03D6F92277A4F3574266507ACD77214D37ECA3F3082"
dependencies = [
  { id = "Sui", name = "Sui" },
]

[[move.package]]
id = "MoveStdlib"
source = { git = "https://github.com/MystenLabs/sui.git", rev = "framework/testnet", subdir = "crates\\sui-framework\\packages\\move-stdlib" }

[[move.package]]
id = "Sui"
source = { git = "https://github.com/MystenLabs/sui.git", rev = "framework/testnet", subdir = "crates/sui-framework/packages/sui-framework" }

dependencies = [
  { id = "MoveStdlib", name = "MoveStdlib" },
]

[move.toolchain-version]
compiler-version = "1.41.0"
edition = "2024.beta"
flavor = "sui"

[env]

[env.testnet]
chain-id = "4c78adac"
original-published-id = "0xd83e2dd2b2411d80f1482a7031da4a13b0c9aa22b602423a5d625a4ab92cbee0"
latest-published-id = "0xd83e2dd2b2411d80f1482a7031da4a13b0c9aa22b602423a5d625a4ab92cbee0"
published-version = "1"
